
Microsoft Visual Studio Solution File, Format Version 12.00
# Visual Studio Version 16
VisualStudioVersion = 16.0.31729.503
MinimumVisualStudioVersion = 10.0.40219.1
Project("{FAE04EC0-301F-11D3-BF4B-00C04F79EFBC}") = "MVCTutorial", "MVCTutorial\MVCTutorial.csproj", "{BBBA85A6-DE68-4317-BA7D-78105A1955F5}"
EndProject
Global
	GlobalSection(SolutionConfigurationPlatforms) = preSolution
		Debug|Any CPU = Debug|Any CPU
		Release|Any CPU = Release|Any CPU
	EndGlobalSection
	GlobalSection(ProjectConfigurationPlatforms) = postSolution
		{BBBA85A6-DE68-4317-BA7D-78105A1955F5}.Debug|Any CPU.ActiveCfg = Debug|Any CPU
		{BBBA85A6-DE68-4317-BA7D-78105A1955F5}.Debug|Any CPU.Build.0 = Debug|Any CPU
		{BBBA85A6-DE68-4317-BA7D-78105A1955F5}.Release|Any CPU.ActiveCfg = Release|Any CPU
		{BBBA85A6-DE68-4317-BA7D-78105A1955F5}.Release|Any CPU.Build.0 = Release|Any CPU
	EndGlobalSection
	GlobalSection(SolutionProperties) = preSolution
		HideSolutionNode = FALSE
	EndGlobalSection
	GlobalSection(ExtensibilityGlobals) = postSolution
		SolutionGuid = {A6ACCB5A-9893-4F9F-AD75-CBB21ECFAFCB}
	EndGlobalSection
EndGlobal
